
Microsoft Visual Studio Solution File, Format Version 12.00
# Visual Studio Version 17
VisualStudioVersion = 17.7.34202.233
MinimumVisualStudioVersion = 10.0.40219.1
Project("{9A19103F-16F7-4668-BE54-9A1E7A4F7556}") = "CestaFeira.Web", "Solution.CestaFeira\CestaFeira.Web.csproj", "{0D40AA89-2F2A-4873-9C29-98FB2C786945}"
EndProject
Project("{9A19103F-16F7-4668-BE54-9A1E7A4F7556}") = "CestaFeira.Domain", "CestaFeira.Domain\CestaFeira.Domain.csproj", "{80264C59-6DB2-4208-8F00-3CC0BC5F4C6C}"
EndProject
Project("{9A19103F-16F7-4668-BE54-9A1E7A4F7556}") = "CestaFeira.Data", "CestaFeria.Data\CestaFeira.Data.csproj", "{09D3B831-4382-4D76-A21F-32195E37FD93}"
EndProject
Project("{FAE04EC0-301F-11D3-BF4B-00C04F79EFBC}") = "CestaFeira.CrossCutting", "CestaFeira.CrossCutting\CestaFeira.CrossCutting.csproj", "{DAA36B4B-E296-4072-A6A3-7EEB72179FB8}"
EndProject
Global
	GlobalSection(SolutionConfigurationPlatforms) = preSolution
		Debug|Any CPU = Debug|Any CPU
		Release|Any CPU = Release|Any CPU
	EndGlobalSection
	GlobalSection(ProjectConfigurationPlatforms) = postSolution
		{0D40AA89-2F2A-4873-9C29-98FB2C786945}.Debug|Any CPU.ActiveCfg = Debug|Any CPU
		{0D40AA89-2F2A-4873-9C29-98FB2C786945}.Debug|Any CPU.Build.0 = Debug|Any CPU
		{0D40AA89-2F2A-4873-9C29-98FB2C786945}.Release|Any CPU.ActiveCfg = Release|Any CPU
		{0D40AA89-2F2A-4873-9C29-98FB2C786945}.Release|Any CPU.Build.0 = Release|Any CPU
		{80264C59-6DB2-4208-8F00-3CC0BC5F4C6C}.Debug|Any CPU.ActiveCfg = Debug|Any CPU
		{80264C59-6DB2-4208-8F00-3CC0BC5F4C6C}.Debug|Any CPU.Build.0 = Debug|Any CPU
		{80264C59-6DB2-4208-8F00-3CC0BC5F4C6C}.Release|Any CPU.ActiveCfg = Release|Any CPU
		{80264C59-6DB2-4208-8F00-3CC0BC5F4C6C}.Release|Any CPU.Build.0 = Release|Any CPU
		{09D3B831-4382-4D76-A21F-32195E37FD93}.Debug|Any CPU.ActiveCfg = Debug|Any CPU
		{09D3B831-4382-4D76-A21F-32195E37FD93}.Debug|Any CPU.Build.0 = Debug|Any CPU
		{09D3B831-4382-4D76-A21F-32195E37FD93}.Release|Any CPU.ActiveCfg = Release|Any CPU
		{09D3B831-4382-4D76-A21F-32195E37FD93}.Release|Any CPU.Build.0 = Release|Any CPU
		{DAA36B4B-E296-4072-A6A3-7EEB72179FB8}.Debug|Any CPU.ActiveCfg = Debug|Any CPU
		{DAA36B4B-E296-4072-A6A3-7EEB72179FB8}.Debug|Any CPU.Build.0 = Debug|Any CPU
		{DAA36B4B-E296-4072-A6A3-7EEB72179FB8}.Release|Any CPU.ActiveCfg = Release|Any CPU
		{DAA36B4B-E296-4072-A6A3-7EEB72179FB8}.Release|Any CPU.Build.0 = Release|Any CPU
	EndGlobalSection
	GlobalSection(SolutionProperties) = preSolution
		HideSolutionNode = FALSE
	EndGlobalSection
	GlobalSection(ExtensibilityGlobals) = postSolution
		SolutionGuid = {C929D22E-E95C-4151-967F-57FD18ABC5EB}
	EndGlobalSection
EndGlobal
